<?xml version="1.0" encoding="utf-8"?>
<Project ToolsVersion="4.0" xmlns="http://schemas.microsoft.com/developer/msbuild/2003">
  <ItemGroup>
    <Filter Include="Source Files">
      <UniqueIdentifier>{4FC737F1-C7A5-4376-A066-2A32D752A2FF}</UniqueIdentifier>
      <Extensions>cpp;c;cc;cxx;def;odl;idl;hpj;bat;asm;asmx</Extensions>
    </Filter>
    <Filter Include="Header Files">
      <UniqueIdentifier>{93995380-89BD-4b04-88EB-625FBE52EBFB}</UniqueIdentifier>
      <Extensions>h;hh;hpp;hxx;hm;inl;inc;xsd</Extensions>
    </Filter>
    <Filter Include="Resource Files">
      <UniqueIdentifier>{67DA6AB6-F800-4c08-8B7A-83BB121AAD01}</UniqueIdentifier>
      <Extensions>rc;ico;cur;bmp;dlg;rc2;rct;bin;rgs;gif;jpg;jpeg;jpe;resx;tiff;tif;png;wav;mfcribbon-ms</Extensions>
    </Filter>
    <Filter Include="Model">
      <UniqueIdentifier>{1629290f-10ea-4f52-a0c7-d1255b8f7254}</UniqueIdentifier>
    </Filter>
    <Filter Include="Presenter">
      <UniqueIdentifier>{31aa548c-3267-46e2-b2f8-8ffa5c3039cf}</UniqueIdentifier>
    </Filter>
    <Filter Include="View">
      <UniqueIdentifier>{2839ce56-0684-41c3-b111-c927e2764cc1}</UniqueIdentifier>
    </Filter>
  </ItemGroup>
  <ItemGroup>
    <Text Include="ReadMe.txt" />
  </ItemGroup>
  <ItemGroup>
    <ClInclude Include="stdafx.h">
      <Filter>Header Files</Filter>
    </ClInclude>
    <ClInclude Include="targetver.h">
      <Filter>Header Files</Filter>
    </ClInclude>
    <ClInclude Include="Resource.h">
      <Filter>Header Files</Filter>
    </ClInclude>
    <ClInclude Include="IHarmonics.h">
      <Filter>Model</Filter>
    </ClInclude>
    <ClInclude Include="IHarmonic.h">
      <Filter>Model</Filter>
    </ClInclude>
    <ClInclude Include="HarmonicsApp.h">
      <Filter>Header Files</Filter>
    </ClInclude>
    <ClInclude Include="Signals.h">
      <Filter>Header Files</Filter>
    </ClInclude>
    <ClInclude Include="IMainDlgView.h">
      <Filter>View</Filter>
    </ClInclude>
    <ClInclude Include="FunctionType.h">
      <Filter>Header Files</Filter>
    </ClInclude>
    <ClInclude Include="Harmonic.h">
      <Filter>Model</Filter>
    </ClInclude>
    <ClInclude Include="Harmonics.h">
      <Filter>Model</Filter>
    </ClInclude>
    <ClInclude Include="MainDlgView.h">
      <Filter>View</Filter>
    </ClInclude>
    <ClInclude Include="MainDlgPresenter.h">
      <Filter>Presenter</Filter>
    </ClInclude>
    <ClInclude Include="Utils.h">
      <Filter>Header Files</Filter>
    </ClInclude>
    <ClInclude Include="IChartView.h">
      <Filter>View</Filter>
    </ClInclude>
    <ClInclude Include="ChartView.h">
      <Filter>View</Filter>
    </ClInclude>
  </ItemGroup>
  <ItemGroup>
    <ClCompile Include="stdafx.cpp">
      <Filter>Source Files</Filter>
    </ClCompile>
    <ClCompile Include="HarmonicsApp.cpp">
      <Filter>Source Files</Filter>
    </ClCompile>
    <ClCompile Include="Harmonic.cpp">
      <Filter>Model</Filter>
    </ClCompile>
    <ClCompile Include="Harmonics.cpp">
      <Filter>Model</Filter>
    </ClCompile>
    <ClCompile Include="MainDlgView.cpp">
      <Filter>View</Filter>
    </ClCompile>
    <ClCompile Include="MainDlgPresenter.cpp">
      <Filter>Presenter</Filter>
    </ClCompile>
    <ClCompile Include="Utils.cpp">
      <Filter>Header Files</Filter>
    </ClCompile>
    <ClCompile Include="ChartView.cpp">
      <Filter>View</Filter>
    </ClCompile>
  </ItemGroup>
  <ItemGroup>
    <ResourceCompile Include="Harmonics.rc">
      <Filter>Resource Files</Filter>
    </ResourceCompile>
  </ItemGroup>
  <ItemGroup>
    <None Include="res\Harmonics.rc2">
      <Filter>Resource Files</Filter>
    </None>
  </ItemGroup>
  <ItemGroup>
    <Image Include="res\Harmonics.ico">
      <Filter>Resource Files</Filter>
    </Image>
  </ItemGroup>
</Project>