<?xml version="1.0" encoding="utf-8"?>
<Project ToolsVersion="4.0" xmlns="http://schemas.microsoft.com/developer/msbuild/2003">
  <ItemGroup>
    <ClCompile Include="stdafx.cpp" />
    <ClCompile Include="main.cpp" />
    <ClCompile Include="..\DocumentEditor\AbstractCommand.cpp">
      <Filter>ExistingItems</Filter>
    </ClCompile>
    <ClCompile Include="..\DocumentEditor\Paragraph.cpp">
      <Filter>ExistingItems</Filter>
    </ClCompile>
    <ClCompile Include="CParagraphTests.cpp" />
    <ClCompile Include="..\DocumentEditor\History.cpp">
      <Filter>ExistingItems</Filter>
    </ClCompile>
    <ClCompile Include="..\DocumentEditor\ChangeStringCommand.cpp">
      <Filter>ExistingItems</Filter>
    </ClCompile>
    <ClCompile Include="ChangeStringCommandTests.cpp" />
    <ClCompile Include="CImageTests.cpp" />
    <ClCompile Include="..\DocumentEditor\Image.cpp">
      <Filter>ExistingItems</Filter>
    </ClCompile>
    <ClCompile Include="..\DocumentEditor\ResizeImageCommand.cpp">
      <Filter>ExistingItems</Filter>
    </ClCompile>
    <ClCompile Include="CDocumentTests.cpp" />
    <ClCompile Include="..\DocumentEditor\Document.cpp">
      <Filter>ExistingItems</Filter>
    </ClCompile>
    <ClCompile Include="..\DocumentEditor\DocumentItem.cpp">
      <Filter>ExistingItems</Filter>
    </ClCompile>
    <ClCompile Include="..\DocumentEditor\ConstDocumentItem.cpp">
      <Filter>ExistingItems</Filter>
    </ClCompile>
    <ClCompile Include="CHistoryTests.cpp" />
    <ClCompile Include="..\DocumentEditor\SetTextInParagraphCommand.cpp">
      <Filter>ExistingItems</Filter>
    </ClCompile>
    <ClCompile Include="..\DocumentEditor\DeleteItemCommand.cpp">
      <Filter>ExistingItems</Filter>
    </ClCompile>
    <ClCompile Include="..\DocumentEditor\InsertItemCommand.cpp">
      <Filter>ExistingItems</Filter>
    </ClCompile>
  </ItemGroup>
  <ItemGroup>
    <ClInclude Include="stdafx.h" />
    <ClInclude Include="targetver.h" />
    <ClInclude Include="VerifyExceptions.h" />
    <ClInclude Include="..\DocumentEditor\AbstractCommand.h">
      <Filter>ExistingItems</Filter>
    </ClInclude>
    <ClInclude Include="..\DocumentEditor\Paragraph.h">
      <Filter>ExistingItems</Filter>
    </ClInclude>
    <ClInclude Include="..\DocumentEditor\History.h">
      <Filter>ExistingItems</Filter>
    </ClInclude>
    <ClInclude Include="..\DocumentEditor\IParagraph.h">
      <Filter>ExistingItems</Filter>
    </ClInclude>
    <ClInclude Include="..\DocumentEditor\ChangeStringCommand.h">
      <Filter>ExistingItems</Filter>
    </ClInclude>
    <ClInclude Include="..\DocumentEditor\IImage.h">
      <Filter>ExistingItems</Filter>
    </ClInclude>
    <ClInclude Include="..\DocumentEditor\Image.h">
      <Filter>ExistingItems</Filter>
    </ClInclude>
    <ClInclude Include="..\DocumentEditor\ResizeImageCommand.h">
      <Filter>ExistingItems</Filter>
    </ClInclude>
    <ClInclude Include="..\DocumentEditor\Document.h">
      <Filter>ExistingItems</Filter>
    </ClInclude>
    <ClInclude Include="..\DocumentEditor\DocumentItem.h">
      <Filter>ExistingItems</Filter>
    </ClInclude>
    <ClInclude Include="..\DocumentEditor\ConstDocumentItem.h">
      <Filter>ExistingItems</Filter>
    </ClInclude>
    <ClInclude Include="CompareFiles.h" />
    <ClInclude Include="..\DocumentEditor\SetTextInParagraphCommand.h">
      <Filter>ExistingItems</Filter>
    </ClInclude>
    <ClInclude Include="..\DocumentEditor\DeleteItemCommand.h">
      <Filter>ExistingItems</Filter>
    </ClInclude>
    <ClInclude Include="..\DocumentEditor\InsertItemCommand.h">
      <Filter>ExistingItems</Filter>
    </ClInclude>
  </ItemGroup>
  <ItemGroup>
    <Text Include="ReadMe.txt" />
  </ItemGroup>
  <ItemGroup>
    <Filter Include="ExistingItems">
      <UniqueIdentifier>{ede78b9f-d38f-43dd-a32c-4ddd6102d55e}</UniqueIdentifier>
    </Filter>
  </ItemGroup>
</Project>