
Microsoft Visual Studio Solution File, Format Version 12.00
# Visual Studio 14
VisualStudioVersion = 14.0.23107.0
MinimumVisualStudioVersion = 10.0.40219.1
Project("{8BC9CEB8-8B4A-11D0-8D11-00A0C91BC942}") = "streams", "streams\streams.vcxproj", "{64AC1F14-C772-4F7A-BB38-AF610C4C4B6E}"
EndProject
Project("{8BC9CEB8-8B4A-11D0-8D11-00A0C91BC942}") = "coffee", "coffee\coffee.vcxproj", "{AD5DD350-6962-4167-86D0-547D9D084FC8}"
EndProject
Global
	GlobalSection(SolutionConfigurationPlatforms) = preSolution
		Debug|x64 = Debug|x64
		Debug|x86 = Debug|x86
		Release|x64 = Release|x64
		Release|x86 = Release|x86
	EndGlobalSection
	GlobalSection(ProjectConfigurationPlatforms) = postSolution
		{64AC1F14-C772-4F7A-BB38-AF610C4C4B6E}.Debug|x64.ActiveCfg = Debug|x64
		{64AC1F14-C772-4F7A-BB38-AF610C4C4B6E}.Debug|x64.Build.0 = Debug|x64
		{64AC1F14-C772-4F7A-BB38-AF610C4C4B6E}.Debug|x86.ActiveCfg = Debug|Win32
		{64AC1F14-C772-4F7A-BB38-AF610C4C4B6E}.Debug|x86.Build.0 = Debug|Win32
		{64AC1F14-C772-4F7A-BB38-AF610C4C4B6E}.Release|x64.ActiveCfg = Release|x64
		{64AC1F14-C772-4F7A-BB38-AF610C4C4B6E}.Release|x64.Build.0 = Release|x64
		{64AC1F14-C772-4F7A-BB38-AF610C4C4B6E}.Release|x86.ActiveCfg = Release|Win32
		{64AC1F14-C772-4F7A-BB38-AF610C4C4B6E}.Release|x86.Build.0 = Release|Win32
		{AD5DD350-6962-4167-86D0-547D9D084FC8}.Debug|x64.ActiveCfg = Debug|x64
		{AD5DD350-6962-4167-86D0-547D9D084FC8}.Debug|x64.Build.0 = Debug|x64
		{AD5DD350-6962-4167-86D0-547D9D084FC8}.Debug|x86.ActiveCfg = Debug|Win32
		{AD5DD350-6962-4167-86D0-547D9D084FC8}.Debug|x86.Build.0 = Debug|Win32
		{AD5DD350-6962-4167-86D0-547D9D084FC8}.Release|x64.ActiveCfg = Release|x64
		{AD5DD350-6962-4167-86D0-547D9D084FC8}.Release|x64.Build.0 = Release|x64
		{AD5DD350-6962-4167-86D0-547D9D084FC8}.Release|x86.ActiveCfg = Release|Win32
		{AD5DD350-6962-4167-86D0-547D9D084FC8}.Release|x86.Build.0 = Release|Win32
	EndGlobalSection
	GlobalSection(SolutionProperties) = preSolution
		HideSolutionNode = FALSE
	EndGlobalSection
EndGlobal
