<?xml version="1.0" encoding="utf-8"?>
<Project ToolsVersion="4.0" xmlns="http://schemas.microsoft.com/developer/msbuild/2003">
  <ItemGroup>
    <ClCompile Include="main.cpp" />
    <ClCompile Include="stdafx.cpp" />
    <ClCompile Include="NaiveGumBallMachine_tests.cpp" />
    <ClCompile Include="GumBallMachineWithState_tests.cpp" />
  </ItemGroup>
  <ItemGroup>
    <ClInclude Include="stdafx.h" />
    <ClInclude Include="targetver.h" />
    <ClInclude Include="..\GumBallMachineWithState.h">
      <Filter>Existing Items</Filter>
    </ClInclude>
    <ClInclude Include="..\NaiveGumBallMachine.h">
      <Filter>Existing Items</Filter>
    </ClInclude>
    <ClInclude Include="TestFunctions.h" />
  </ItemGroup>
  <ItemGroup>
    <Text Include="ReadMe.txt" />
  </ItemGroup>
  <ItemGroup>
    <Filter Include="Existing Items">
      <UniqueIdentifier>{452c96a7-629b-4a3e-8411-bdda939cadac}</UniqueIdentifier>
    </Filter>
  </ItemGroup>
</Project>